// !$*UTF8*$!
{
	archiveVersion = 1;
	classes = {
	};
	objectVersion = 46;
	objects = {

/* Begin PBXBuildFile section */
		54974AAA1AF60FCC009412F9 /* AppDelegate.swift in Sources */ = {isa = PBXBuildFile; fileRef = 54974AA91AF60FCC009412F9 /* AppDelegate.swift */; };
		54974AB11AF60FCC009412F9 /* Images.xcassets in Resources */ = {isa = PBXBuildFile; fileRef = 54974AB01AF60FCC009412F9 /* Images.xcassets */; };
		54974AB41AF60FCC009412F9 /* LaunchScreen.xib in Resources */ = {isa = PBXBuildFile; fileRef = 54974AB21AF60FCC009412F9 /* LaunchScreen.xib */; };
		54974AC01AF60FCC009412F9 /* PickitTests.swift in Sources */ = {isa = PBXBuildFile; fileRef = 54974ABF1AF60FCC009412F9 /* PickitTests.swift */; };
		54974ACF1AF61066009412F9 /* Category.swift in Sources */ = {isa = PBXBuildFile; fileRef = 54974ACD1AF61066009412F9 /* Category.swift */; };
		54974AD01AF61066009412F9 /* Choice.swift in Sources */ = {isa = PBXBuildFile; fileRef = 54974ACE1AF61066009412F9 /* Choice.swift */; };
		54974AD31AF6107E009412F9 /* CategoriesManager.swift in Sources */ = {isa = PBXBuildFile; fileRef = 54974AD11AF6107E009412F9 /* CategoriesManager.swift */; };
		54974AD41AF6107E009412F9 /* PersistentDataManager.swift in Sources */ = {isa = PBXBuildFile; fileRef = 54974AD21AF6107E009412F9 /* PersistentDataManager.swift */; };
		54974ADC1AF61092009412F9 /* CategoriesViewController.swift in Sources */ = {isa = PBXBuildFile; fileRef = 54974AD51AF61092009412F9 /* CategoriesViewController.swift */; };
		54974ADD1AF61092009412F9 /* ChoicesViewController.swift in Sources */ = {isa = PBXBuildFile; fileRef = 54974AD61AF61092009412F9 /* ChoicesViewController.swift */; };
		54974ADE1AF61092009412F9 /* LaunchScreen.xib in Resources */ = {isa = PBXBuildFile; fileRef = 54974AD71AF61092009412F9 /* LaunchScreen.xib */; };
		54974ADF1AF61092009412F9 /* Main.storyboard in Resources */ = {isa = PBXBuildFile; fileRef = 54974AD81AF61092009412F9 /* Main.storyboard */; };
		54974AE01AF61092009412F9 /* ResultView.swift in Sources */ = {isa = PBXBuildFile; fileRef = 54974AD91AF61092009412F9 /* ResultView.swift */; };
		54974AE11AF61092009412F9 /* ResultView.xib in Resources */ = {isa = PBXBuildFile; fileRef = 54974ADA1AF61092009412F9 /* ResultView.xib */; };
		54974AE21AF61092009412F9 /* ResultViewController.swift in Sources */ = {isa = PBXBuildFile; fileRef = 54974ADB1AF61092009412F9 /* ResultViewController.swift */; };
		54974AE41AF6109C009412F9 /* CategoryBuilder.swift in Sources */ = {isa = PBXBuildFile; fileRef = 54974AE31AF6109C009412F9 /* CategoryBuilder.swift */; };
		54974AEB1AF611D9009412F9 /* dice-256.png in Resources */ = {isa = PBXBuildFile; fileRef = 54974AE61AF611D9009412F9 /* dice-256.png */; };
		54974AEC1AF611D9009412F9 /* dice-256@2x.png in Resources */ = {isa = PBXBuildFile; fileRef = 54974AE71AF611D9009412F9 /* dice-256@2x.png */; };
		54974AED1AF611D9009412F9 /* dice.png in Resources */ = {isa = PBXBuildFile; fileRef = 54974AE81AF611D9009412F9 /* dice.png */; };
		54974AEE1AF611D9009412F9 /* dice@2x.png in Resources */ = {isa = PBXBuildFile; fileRef = 54974AE91AF611D9009412F9 /* dice@2x.png */; };
		54974AEF1AF611D9009412F9 /* dice@3x.png in Resources */ = {isa = PBXBuildFile; fileRef = 54974AEA1AF611D9009412F9 /* dice@3x.png */; };
/* End PBXBuildFile section */

/* Begin PBXContainerItemProxy section */
		54974ABA1AF60FCC009412F9 /* PBXContainerItemProxy */ = {
			isa = PBXContainerItemProxy;
			containerPortal = 54974A9C1AF60FCC009412F9 /* Project object */;
			proxyType = 1;
			remoteGlobalIDString = 54974AA31AF60FCC009412F9;
			remoteInfo = Pickit;
		};
/* End PBXContainerItemProxy section */

/* Begin PBXFileReference section */
		54974AA41AF60FCC009412F9 /* Pickit.app */ = {isa = PBXFileReference; explicitFileType = wrapper.application; includeInIndex = 0; path = Pickit.app; sourceTree = BUILT_PRODUCTS_DIR; };
		54974AA81AF60FCC009412F9 /* Info.plist */ = {isa = PBXFileReference; lastKnownFileType = text.plist.xml; path = Info.plist; sourceTree = "<group>"; };
		54974AA91AF60FCC009412F9 /* AppDelegate.swift */ = {isa = PBXFileReference; lastKnownFileType = sourcecode.swift; path = AppDelegate.swift; sourceTree = "<group>"; };
		54974AB01AF60FCC009412F9 /* Images.xcassets */ = {isa = PBXFileReference; lastKnownFileType = folder.assetcatalog; path = Images.xcassets; sourceTree = "<group>"; };
		54974AB31AF60FCC009412F9 /* Base */ = {isa = PBXFileReference; lastKnownFileType = file.xib; name = Base; path = Base.lproj/LaunchScreen.xib; sourceTree = "<group>"; };
		54974AB91AF60FCC009412F9 /* PickitTests.xctest */ = {isa = PBXFileReference; explicitFileType = wrapper.cfbundle; includeInIndex = 0; path = PickitTests.xctest; sourceTree = BUILT_PRODUCTS_DIR; };
		54974ABE1AF60FCC009412F9 /* Info.plist */ = {isa = PBXFileReference; lastKnownFileType = text.plist.xml; path = Info.plist; sourceTree = "<group>"; };
		54974ABF1AF60FCC009412F9 /* PickitTests.swift */ = {isa = PBXFileReference; lastKnownFileType = sourcecode.swift; path = PickitTests.swift; sourceTree = "<group>"; };
		54974ACD1AF61066009412F9 /* Category.swift */ = {isa = PBXFileReference; fileEncoding = 4; lastKnownFileType = sourcecode.swift; name = Category.swift; path = ../../../../../../workspace/development/ios/internal/Pickit/Pickit/Models/Category.swift; sourceTree = "<group>"; };
		54974ACE1AF61066009412F9 /* Choice.swift */ = {isa = PBXFileReference; fileEncoding = 4; lastKnownFileType = sourcecode.swift; name = Choice.swift; path = ../../../../../../workspace/development/ios/internal/Pickit/Pickit/Models/Choice.swift; sourceTree = "<group>"; };
		54974AD11AF6107E009412F9 /* CategoriesManager.swift */ = {isa = PBXFileReference; fileEncoding = 4; lastKnownFileType = sourcecode.swift; name = CategoriesManager.swift; path = ../../../../../../workspace/development/ios/internal/Pickit/Pickit/Managers/CategoriesManager.swift; sourceTree = "<group>"; };
		54974AD21AF6107E009412F9 /* PersistentDataManager.swift */ = {isa = PBXFileReference; fileEncoding = 4; lastKnownFileType = sourcecode.swift; name = PersistentDataManager.swift; path = ../../../../../../workspace/development/ios/internal/Pickit/Pickit/Managers/PersistentDataManager.swift; sourceTree = "<group>"; };
		54974AD51AF61092009412F9 /* CategoriesViewController.swift */ = {isa = PBXFileReference; fileEncoding = 4; lastKnownFileType = sourcecode.swift; name = CategoriesViewController.swift; path = ../../../../../../workspace/development/ios/internal/Pickit/Pickit/Views/CategoriesViewController.swift; sourceTree = "<group>"; };
		54974AD61AF61092009412F9 /* ChoicesViewController.swift */ = {isa = PBXFileReference; fileEncoding = 4; lastKnownFileType = sourcecode.swift; name = ChoicesViewController.swift; path = ../../../../../../workspace/development/ios/internal/Pickit/Pickit/Views/ChoicesViewController.swift; sourceTree = "<group>"; };
		54974AD71AF61092009412F9 /* LaunchScreen.xib */ = {isa = PBXFileReference; fileEncoding = 4; lastKnownFileType = file.xib; name = LaunchScreen.xib; path = ../../../../../../workspace/development/ios/internal/Pickit/Pickit/Views/LaunchScreen.xib; sourceTree = "<group>"; };
		54974AD81AF61092009412F9 /* Main.storyboard */ = {isa = PBXFileReference; fileEncoding = 4; lastKnownFileType = file.storyboard; name = Main.storyboard; path = ../../../../../../workspace/development/ios/internal/Pickit/Pickit/Views/Main.storyboard; sourceTree = "<group>"; };
		54974AD91AF61092009412F9 /* ResultView.swift */ = {isa = PBXFileReference; fileEncoding = 4; lastKnownFileType = sourcecode.swift; name = ResultView.swift; path = ../../../../../../workspace/development/ios/internal/Pickit/Pickit/Views/ResultView.swift; sourceTree = "<group>"; };
		54974ADA1AF61092009412F9 /* ResultView.xib */ = {isa = PBXFileReference; fileEncoding = 4; lastKnownFileType = file.xib; name = ResultView.xib; path = ../../../../../../workspace/development/ios/internal/Pickit/Pickit/Views/ResultView.xib; sourceTree = "<group>"; };
		54974ADB1AF61092009412F9 /* ResultViewController.swift */ = {isa = PBXFileReference; fileEncoding = 4; lastKnownFileType = sourcecode.swift; name = ResultViewController.swift; path = ../../../../../../workspace/development/ios/internal/Pickit/Pickit/Views/ResultViewController.swift; sourceTree = "<group>"; };
		54974AE31AF6109C009412F9 /* CategoryBuilder.swift */ = {isa = PBXFileReference; fileEncoding = 4; lastKnownFileType = sourcecode.swift; name = CategoryBuilder.swift; path = ../../../../../../workspace/development/ios/internal/Pickit/Pickit/Builders/CategoryBuilder.swift; sourceTree = "<group>"; };
		54974AE61AF611D9009412F9 /* dice-256.png */ = {isa = PBXFileReference; lastKnownFileType = image.png; name = "dice-256.png"; path = "../../../../../../workspace/development/ios/internal/Pickit/Pickit/Images/dice-256.png"; sourceTree = "<group>"; };
		54974AE71AF611D9009412F9 /* dice-256@2x.png */ = {isa = PBXFileReference; lastKnownFileType = image.png; name = "dice-256@2x.png"; path = "../../../../../../workspace/development/ios/internal/Pickit/Pickit/Images/dice-256@2x.png"; sourceTree = "<group>"; };
		54974AE81AF611D9009412F9 /* dice.png */ = {isa = PBXFileReference; lastKnownFileType = image.png; name = dice.png; path = ../../../../../../workspace/development/ios/internal/Pickit/Pickit/Images/dice.png; sourceTree = "<group>"; };
		54974AE91AF611D9009412F9 /* dice@2x.png */ = {isa = PBXFileReference; lastKnownFileType = image.png; name = "dice@2x.png"; path = "../../../../../../workspace/development/ios/internal/Pickit/Pickit/Images/dice@2x.png"; sourceTree = "<group>"; };
		54974AEA1AF611D9009412F9 /* dice@3x.png */ = {isa = PBXFileReference; lastKnownFileType = image.png; name = "dice@3x.png"; path = "../../../../../../workspace/development/ios/internal/Pickit/Pickit/Images/dice@3x.png"; sourceTree = "<group>"; };
/* End PBXFileReference section */

/* Begin PBXFrameworksBuildPhase section */
		54974AA11AF60FCC009412F9 /* Frameworks */ = {
			isa = PBXFrameworksBuildPhase;
			buildActionMask = 2147483647;
			files = (
			);
			runOnlyForDeploymentPostprocessing = 0;
		};
		54974AB61AF60FCC009412F9 /* Frameworks */ = {
			isa = PBXFrameworksBuildPhase;
			buildActionMask = 2147483647;
			files = (
			);
			runOnlyForDeploymentPostprocessing = 0;
		};
/* End PBXFrameworksBuildPhase section */

/* Begin PBXGroup section */
		54974A9B1AF60FCC009412F9 = {
			isa = PBXGroup;
			children = (
				54974AA61AF60FCC009412F9 /* Pickit */,
				54974ABC1AF60FCC009412F9 /* PickitTests */,
				54974AA51AF60FCC009412F9 /* Products */,
			);
			sourceTree = "<group>";
		};
		54974AA51AF60FCC009412F9 /* Products */ = {
			isa = PBXGroup;
			children = (
				54974AA41AF60FCC009412F9 /* Pickit.app */,
				54974AB91AF60FCC009412F9 /* PickitTests.xctest */,
			);
			name = Products;
			sourceTree = "<group>";
		};
		54974AA61AF60FCC009412F9 /* Pickit */ = {
			isa = PBXGroup;
			children = (
				54974ACC1AF60FFD009412F9 /* Builders */,
				54974ACB1AF60FF9009412F9 /* Models */,
				54974ACA1AF60FF2009412F9 /* Managers */,
				54974AC91AF60FEC009412F9 /* Views */,
				54974AA91AF60FCC009412F9 /* AppDelegate.swift */,
				54974AB01AF60FCC009412F9 /* Images.xcassets */,
				54974AB21AF60FCC009412F9 /* LaunchScreen.xib */,
				54974AA71AF60FCC009412F9 /* Supporting Files */,
			);
			path = Pickit;
			sourceTree = "<group>";
		};
		54974AA71AF60FCC009412F9 /* Supporting Files */ = {
			isa = PBXGroup;
			children = (
				54974AE51AF611A7009412F9 /* Images */,
				54974AA81AF60FCC009412F9 /* Info.plist */,
			);
			name = "Supporting Files";
			sourceTree = "<group>";
		};
		54974ABC1AF60FCC009412F9 /* PickitTests */ = {
			isa = PBXGroup;
			children = (
				54974ABF1AF60FCC009412F9 /* PickitTests.swift */,
				54974ABD1AF60FCC009412F9 /* Supporting Files */,
			);
			path = PickitTests;
			sourceTree = "<group>";
		};
		54974ABD1AF60FCC009412F9 /* Supporting Files */ = {
			isa = PBXGroup;
			children = (
				54974ABE1AF60FCC009412F9 /* Info.plist */,
			);
			name = "Supporting Files";
			sourceTree = "<group>";
		};
		54974AC91AF60FEC009412F9 /* Views */ = {
			isa = PBXGroup;
			children = (
				54974AD71AF61092009412F9 /* LaunchScreen.xib */,
				54974AD81AF61092009412F9 /* Main.storyboard */,
				54974AD51AF61092009412F9 /* CategoriesViewController.swift */,
				54974AD61AF61092009412F9 /* ChoicesViewController.swift */,
				54974AD91AF61092009412F9 /* ResultView.swift */,
				54974ADA1AF61092009412F9 /* ResultView.xib */,
				54974ADB1AF61092009412F9 /* ResultViewController.swift */,
			);
			name = Views;
			sourceTree = "<group>";
		};
		54974ACA1AF60FF2009412F9 /* Managers */ = {
			isa = PBXGroup;
			children = (
				54974AD11AF6107E009412F9 /* CategoriesManager.swift */,
				54974AD21AF6107E009412F9 /* PersistentDataManager.swift */,
			);
			name = Managers;
			sourceTree = "<group>";
		};
		54974ACB1AF60FF9009412F9 /* Models */ = {
			isa = PBXGroup;
			children = (
				54974ACD1AF61066009412F9 /* Category.swift */,
				54974ACE1AF61066009412F9 /* Choice.swift */,
			);
			name = Models;
			sourceTree = "<group>";
		};
		54974ACC1AF60FFD009412F9 /* Builders */ = {
			isa = PBXGroup;
			children = (
				54974AE31AF6109C009412F9 /* CategoryBuilder.swift */,
			);
			name = Builders;
			sourceTree = "<group>";
		};
		54974AE51AF611A7009412F9 /* Images */ = {
			isa = PBXGroup;
			children = (
				54974AE61AF611D9009412F9 /* dice-256.png */,
				54974AE71AF611D9009412F9 /* dice-256@2x.png */,
				54974AE81AF611D9009412F9 /* dice.png */,
				54974AE91AF611D9009412F9 /* dice@2x.png */,
				54974AEA1AF611D9009412F9 /* dice@3x.png */,
			);
			name = Images;
			sourceTree = "<group>";
		};
/* End PBXGroup section */

/* Begin PBXNativeTarget section */
		54974AA31AF60FCC009412F9 /* Pickit */ = {
			isa = PBXNativeTarget;
			buildConfigurationList = 54974AC31AF60FCC009412F9 /* Build configuration list for PBXNativeTarget "Pickit" */;
			buildPhases = (
				54974AA01AF60FCC009412F9 /* Sources */,
				54974AA11AF60FCC009412F9 /* Frameworks */,
				54974AA21AF60FCC009412F9 /* Resources */,
			);
			buildRules = (
			);
			dependencies = (
			);
			name = Pickit;
			productName = Pickit;
			productReference = 54974AA41AF60FCC009412F9 /* Pickit.app */;
			productType = "com.apple.product-type.application";
		};
		54974AB81AF60FCC009412F9 /* PickitTests */ = {
			isa = PBXNativeTarget;
			buildConfigurationList = 54974AC61AF60FCC009412F9 /* Build configuration list for PBXNativeTarget "PickitTests" */;
			buildPhases = (
				54974AB51AF60FCC009412F9 /* Sources */,
				54974AB61AF60FCC009412F9 /* Frameworks */,
				54974AB71AF60FCC009412F9 /* Resources */,
			);
			buildRules = (
			);
			dependencies = (
				54974ABB1AF60FCC009412F9 /* PBXTargetDependency */,
			);
			name = PickitTests;
			productName = PickitTests;
			productReference = 54974AB91AF60FCC009412F9 /* PickitTests.xctest */;
			productType = "com.apple.product-type.bundle.unit-test";
		};
/* End PBXNativeTarget section */

/* Begin PBXProject section */
		54974A9C1AF60FCC009412F9 /* Project object */ = {
			isa = PBXProject;
			attributes = {
				LastUpgradeCheck = 0630;
				ORGANIZATIONNAME = "Michael Green";
				TargetAttributes = {
					54974AA31AF60FCC009412F9 = {
						CreatedOnToolsVersion = 6.3.1;
					};
					54974AB81AF60FCC009412F9 = {
						CreatedOnToolsVersion = 6.3.1;
						TestTargetID = 54974AA31AF60FCC009412F9;
					};
				};
			};
			buildConfigurationList = 54974A9F1AF60FCC009412F9 /* Build configuration list for PBXProject "Pickit" */;
			compatibilityVersion = "Xcode 3.2";
			developmentRegion = English;
			hasScannedForEncodings = 0;
			knownRegions = (
				en,
				Base,
			);
			mainGroup = 54974A9B1AF60FCC009412F9;
			productRefGroup = 54974AA51AF60FCC009412F9 /* Products */;
			projectDirPath = "";
			projectRoot = "";
			targets = (
				54974AA31AF60FCC009412F9 /* Pickit */,
				54974AB81AF60FCC009412F9 /* PickitTests */,
			);
		};
/* End PBXProject section */

/* Begin PBXResourcesBuildPhase section */
		54974AA21AF60FCC009412F9 /* Resources */ = {
			isa = PBXResourcesBuildPhase;
			buildActionMask = 2147483647;
			files = (
				54974AED1AF611D9009412F9 /* dice.png in Resources */,
				54974AEC1AF611D9009412F9 /* dice-256@2x.png in Resources */,
				54974AEB1AF611D9009412F9 /* dice-256.png in Resources */,
				54974AEE1AF611D9009412F9 /* dice@2x.png in Resources */,
				54974AEF1AF611D9009412F9 /* dice@3x.png in Resources */,
				54974AE11AF61092009412F9 /* ResultView.xib in Resources */,
				54974AB41AF60FCC009412F9 /* LaunchScreen.xib in Resources */,
				54974ADE1AF61092009412F9 /* LaunchScreen.xib in Resources */,
				54974AB11AF60FCC009412F9 /* Images.xcassets in Resources */,
				54974ADF1AF61092009412F9 /* Main.storyboard in Resources */,
			);
			runOnlyForDeploymentPostprocessing = 0;
		};
		54974AB71AF60FCC009412F9 /* Resources */ = {
			isa = PBXResourcesBuildPhase;
			buildActionMask = 2147483647;
			files = (
			);
			runOnlyForDeploymentPostprocessing = 0;
		};
/* End PBXResourcesBuildPhase section */

/* Begin PBXSourcesBuildPhase section */
		54974AA01AF60FCC009412F9 /* Sources */ = {
			isa = PBXSourcesBuildPhase;
			buildActionMask = 2147483647;
			files = (
				54974AD41AF6107E009412F9 /* PersistentDataManager.swift in Sources */,
				54974ADD1AF61092009412F9 /* ChoicesViewController.swift in Sources */,
				54974AD01AF61066009412F9 /* Choice.swift in Sources */,
				54974ADC1AF61092009412F9 /* CategoriesViewController.swift in Sources */,
				54974AAA1AF60FCC009412F9 /* AppDelegate.swift in Sources */,
				54974AE41AF6109C009412F9 /* CategoryBuilder.swift in Sources */,
				54974AE01AF61092009412F9 /* ResultView.swift in Sources */,
				54974ACF1AF61066009412F9 /* Category.swift in Sources */,
				54974AD31AF6107E009412F9 /* CategoriesManager.swift in Sources */,
				54974AE21AF61092009412F9 /* ResultViewController.swift in Sources */,
			);
			runOnlyForDeploymentPostprocessing = 0;
		};
		54974AB51AF60FCC009412F9 /* Sources */ = {
			isa = PBXSourcesBuildPhase;
			buildActionMask = 2147483647;
			files = (
				54974AC01AF60FCC009412F9 /* PickitTests.swift in Sources */,
			);
			runOnlyForDeploymentPostprocessing = 0;
		};
/* End PBXSourcesBuildPhase section */

/* Begin PBXTargetDependency section */
		54974ABB1AF60FCC009412F9 /* PBXTargetDependency */ = {
			isa = PBXTargetDependency;
			target = 54974AA31AF60FCC009412F9 /* Pickit */;
			targetProxy = 54974ABA1AF60FCC009412F9 /* PBXContainerItemProxy */;
		};
/* End PBXTargetDependency section */

/* Begin PBXVariantGroup section */
		54974AB21AF60FCC009412F9 /* LaunchScreen.xib */ = {
			isa = PBXVariantGroup;
			children = (
				54974AB31AF60FCC009412F9 /* Base */,
			);
			name = LaunchScreen.xib;
			sourceTree = "<group>";
		};
/* End PBXVariantGroup section */

/* Begin XCBuildConfiguration section */
		54974AC11AF60FCC009412F9 /* Debug */ = {
			isa = XCBuildConfiguration;
			buildSettings = {
				ALWAYS_SEARCH_USER_PATHS = NO;
				CLANG_CXX_LANGUAGE_STANDARD = "gnu++0x";
				CLANG_CXX_LIBRARY = "libc++";
				CLANG_ENABLE_MODULES = YES;
				CLANG_ENABLE_OBJC_ARC = YES;
				CLANG_WARN_BOOL_CONVERSION = YES;
				CLANG_WARN_CONSTANT_CONVERSION = YES;
				CLANG_WARN_DIRECT_OBJC_ISA_USAGE = YES_ERROR;
				CLANG_WARN_EMPTY_BODY = YES;
				CLANG_WARN_ENUM_CONVERSION = YES;
				CLANG_WARN_INT_CONVERSION = YES;
				CLANG_WARN_OBJC_ROOT_CLASS = YES_ERROR;
				CLANG_WARN_UNREACHABLE_CODE = YES;
				CLANG_WARN__DUPLICATE_METHOD_MATCH = YES;
				"CODE_SIGN_IDENTITY[sdk=iphoneos*]" = "iPhone Developer";
				COPY_PHASE_STRIP = NO;
				DEBUG_INFORMATION_FORMAT = "dwarf-with-dsym";
				ENABLE_STRICT_OBJC_MSGSEND = YES;
				GCC_C_LANGUAGE_STANDARD = gnu99;
				GCC_DYNAMIC_NO_PIC = NO;
				GCC_NO_COMMON_BLOCKS = YES;
				GCC_OPTIMIZATION_LEVEL = 0;
				GCC_PREPROCESSOR_DEFINITIONS = (
					"DEBUG=1",
					"$(inherited)",
				);
				GCC_SYMBOLS_PRIVATE_EXTERN = NO;
				GCC_WARN_64_TO_32_BIT_CONVERSION = YES;
				GCC_WARN_ABOUT_RETURN_TYPE = YES_ERROR;
				GCC_WARN_UNDECLARED_SELECTOR = YES;
				GCC_WARN_UNINITIALIZED_AUTOS = YES_AGGRESSIVE;
				GCC_WARN_UNUSED_FUNCTION = YES;
				GCC_WARN_UNUSED_VARIABLE = YES;
				IPHONEOS_DEPLOYMENT_TARGET = 8.3;
				MTL_ENABLE_DEBUG_INFO = YES;
				ONLY_ACTIVE_ARCH = YES;
				SDKROOT = iphoneos;
				SWIFT_OPTIMIZATION_LEVEL = "-Onone";
				TARGETED_DEVICE_FAMILY = "1,2";
			};
			name = Debug;
		};
		54974AC21AF60FCC009412F9 /* Release */ = {
			isa = XCBuildConfiguration;
			buildSettings = {
				ALWAYS_SEARCH_USER_PATHS = NO;
				CLANG_CXX_LANGUAGE_STANDARD = "gnu++0x";
				CLANG_CXX_LIBRARY = "libc++";
				CLANG_ENABLE_MODULES = YES;
				CLANG_ENABLE_OBJC_ARC = YES;
				CLANG_WARN_BOOL_CONVERSION = YES;
				CLANG_WARN_CONSTANT_CONVERSION = YES;
				CLANG_WARN_DIRECT_OBJC_ISA_USAGE = YES_ERROR;
				CLANG_WARN_EMPTY_BODY = YES;
				CLANG_WARN_ENUM_CONVERSION = YES;
				CLANG_WARN_INT_CONVERSION = YES;
				CLANG_WARN_OBJC_ROOT_CLASS = YES_ERROR;
				CLANG_WARN_UNREACHABLE_CODE = YES;
				CLANG_WARN__DUPLICATE_METHOD_MATCH = YES;
				"CODE_SIGN_IDENTITY[sdk=iphoneos*]" = "iPhone Developer";
				COPY_PHASE_STRIP = NO;
				DEBUG_INFORMATION_FORMAT = "dwarf-with-dsym";
				ENABLE_NS_ASSERTIONS = NO;
				ENABLE_STRICT_OBJC_MSGSEND = YES;
				GCC_C_LANGUAGE_STANDARD = gnu99;
				GCC_NO_COMMON_BLOCKS = YES;
				GCC_WARN_64_TO_32_BIT_CONVERSION = YES;
				GCC_WARN_ABOUT_RETURN_TYPE = YES_ERROR;
				GCC_WARN_UNDECLARED_SELECTOR = YES;
				GCC_WARN_UNINITIALIZED_AUTOS = YES_AGGRESSIVE;
				GCC_WARN_UNUSED_FUNCTION = YES;
				GCC_WARN_UNUSED_VARIABLE = YES;
				IPHONEOS_DEPLOYMENT_TARGET = 8.3;
				MTL_ENABLE_DEBUG_INFO = NO;
				SDKROOT = iphoneos;
				TARGETED_DEVICE_FAMILY = "1,2";
				VALIDATE_PRODUCT = YES;
			};
			name = Release;
		};
		54974AC41AF60FCC009412F9 /* Debug */ = {
			isa = XCBuildConfiguration;
			buildSettings = {
				ASSETCATALOG_COMPILER_APPICON_NAME = AppIcon;
				INFOPLIST_FILE = Pickit/Info.plist;
				LD_RUNPATH_SEARCH_PATHS = "$(inherited) @executable_path/Frameworks";
				PRODUCT_NAME = "$(TARGET_NAME)";
			};
			name = Debug;
		};
		54974AC51AF60FCC009412F9 /* Release */ = {
			isa = XCBuildConfiguration;
			buildSettings = {
				ASSETCATALOG_COMPILER_APPICON_NAME = AppIcon;
				INFOPLIST_FILE = Pickit/Info.plist;
				LD_RUNPATH_SEARCH_PATHS = "$(inherited) @executable_path/Frameworks";
				PRODUCT_NAME = "$(TARGET_NAME)";
			};
			name = Release;
		};
		54974AC71AF60FCC009412F9 /* Debug */ = {
			isa = XCBuildConfiguration;
			buildSettings = {
				BUNDLE_LOADER = "$(TEST_HOST)";
				FRAMEWORK_SEARCH_PATHS = (
					"$(SDKROOT)/Developer/Library/Frameworks",
					"$(inherited)",
				);
				GCC_PREPROCESSOR_DEFINITIONS = (
					"DEBUG=1",
					"$(inherited)",
				);
				INFOPLIST_FILE = PickitTests/Info.plist;
				LD_RUNPATH_SEARCH_PATHS = "$(inherited) @executable_path/Frameworks @loader_path/Frameworks";
				PRODUCT_NAME = "$(TARGET_NAME)";
				TEST_HOST = "$(BUILT_PRODUCTS_DIR)/Pickit.app/Pickit";
			};
			name = Debug;
		};
		54974AC81AF60FCC009412F9 /* Release */ = {
			isa = XCBuildConfiguration;
			buildSettings = {
				BUNDLE_LOADER = "$(TEST_HOST)";
				FRAMEWORK_SEARCH_PATHS = (
					"$(SDKROOT)/Developer/Library/Frameworks",
					"$(inherited)",
				);
				INFOPLIST_FILE = PickitTests/Info.plist;
				LD_RUNPATH_SEARCH_PATHS = "$(inherited) @executable_path/Frameworks @loader_path/Frameworks";
				PRODUCT_NAME = "$(TARGET_NAME)";
				TEST_HOST = "$(BUILT_PRODUCTS_DIR)/Pickit.app/Pickit";
			};
			name = Release;
		};
/* End XCBuildConfiguration section */

/* Begin XCConfigurationList section */
		54974A9F1AF60FCC009412F9 /* Build configuration list for PBXProject "Pickit" */ = {
			isa = XCConfigurationList;
			buildConfigurations = (
				54974AC11AF60FCC009412F9 /* Debug */,
				54974AC21AF60FCC009412F9 /* Release */,
			);
			defaultConfigurationIsVisible = 0;
			defaultConfigurationName = Release;
		};
		54974AC31AF60FCC009412F9 /* Build configuration list for PBXNativeTarget "Pickit" */ = {
			isa = XCConfigurationList;
			buildConfigurations = (
				54974AC41AF60FCC009412F9 /* Debug */,
				54974AC51AF60FCC009412F9 /* Release */,
			);
			defaultConfigurationIsVisible = 0;
		};
		54974AC61AF60FCC009412F9 /* Build configuration list for PBXNativeTarget "PickitTests" */ = {
			isa = XCConfigurationList;
			buildConfigurations = (
				54974AC71AF60FCC009412F9 /* Debug */,
				54974AC81AF60FCC009412F9 /* Release */,
			);
			defaultConfigurationIsVisible = 0;
		};
/* End XCConfigurationList section */
	};
	rootObject = 54974A9C1AF60FCC009412F9 /* Project object */;
}
